
Microsoft Visual Studio Solution File, Format Version 12.00
# Visual Studio Version 17
VisualStudioVersion = 17.4.33213.308
MinimumVisualStudioVersion = 10.0.40219.1
Project("{9A19103F-16F7-4668-BE54-9A1E7A4F7556}") = "BuilderPattern", "BuilderPattern\BuilderPattern.csproj", "{4CD62957-5C84-42DD-83EE-002014F89755}"
EndProject
Project("{9A19103F-16F7-4668-BE54-9A1E7A4F7556}") = "StrategyPattern", "StrategyPattern\StrategyPattern.csproj", "{AD4E1C7E-7BAD-49ED-838E-AE85D98A68C2}"
EndProject
Project("{9A19103F-16F7-4668-BE54-9A1E7A4F7556}") = "ObserverPattern", "ObserverPattern\ObserverPattern.csproj", "{C774C42C-EE42-4496-BFF7-EB5220C2B266}"
EndProject
Project("{9A19103F-16F7-4668-BE54-9A1E7A4F7556}") = "DecoratorPattern", "DecoratorPattern\DecoratorPattern.csproj", "{12A9F9A0-3BEB-480D-B3A7-074CFC462C19}"
EndProject
Project("{9A19103F-16F7-4668-BE54-9A1E7A4F7556}") = "FactoryPattern", "FactoryPattern\FactoryPattern.csproj", "{DBCB8846-0659-4680-8A72-C232376BC37A}"
EndProject
Project("{9A19103F-16F7-4668-BE54-9A1E7A4F7556}") = "AbstractFactory", "AbstractFactory\AbstractFactory.csproj", "{DB151C35-3978-4F84-89F8-BB9D092BA6BE}"
EndProject
Project("{9A19103F-16F7-4668-BE54-9A1E7A4F7556}") = "SingletonPattern", "SingletonPattern\SingletonPattern.csproj", "{20A1B4B8-A754-42FA-9FF4-06AF24814542}"
EndProject
Project("{9A19103F-16F7-4668-BE54-9A1E7A4F7556}") = "CommandPattern", "CommandPattern\CommandPattern.csproj", "{DD6B487A-5693-467D-B2D5-77B504AA6577}"
EndProject
Project("{9A19103F-16F7-4668-BE54-9A1E7A4F7556}") = "AdaptorPattern", "AdaptorPattern\AdaptorPattern.csproj", "{D69DD26B-9B12-4703-95B7-858336CB327C}"
EndProject
Project("{9A19103F-16F7-4668-BE54-9A1E7A4F7556}") = "FacadePattern", "FacadePattern\FacadePattern.csproj", "{2C9A7CD0-18F9-43D3-B1D4-42D30A649BA9}"
EndProject
Project("{9A19103F-16F7-4668-BE54-9A1E7A4F7556}") = "TemplatePattern", "TemplatePattern\TemplatePattern.csproj", "{3A60B46C-8F6E-4994-9BAF-3358D11CD06A}"
EndProject
Project("{9A19103F-16F7-4668-BE54-9A1E7A4F7556}") = "IteratorPattern", "IteratorPattern\IteratorPattern.csproj", "{EF5E8997-A786-4ACF-89C3-1533A50C3026}"
EndProject
Project("{9A19103F-16F7-4668-BE54-9A1E7A4F7556}") = "CompositePattern", "CompositePattern\CompositePattern.csproj", "{9385E5FB-1F35-449C-8DCD-44601D2CF4FC}"
EndProject
Project("{FAE04EC0-301F-11D3-BF4B-00C04F79EFBC}") = "StatePattern", "StatePattern\StatePattern.csproj", "{F933E219-6EB8-4066-B792-33E783200E87}"
EndProject
Project("{2150E333-8FDC-42A3-9474-1A3956D46DE8}") = "CreationalPatterns", "CreationalPatterns", "{02EA681E-C7D8-13C7-8484-4AC65E1B71E8}"
EndProject
Project("{FAE04EC0-301F-11D3-BF4B-00C04F79EFBC}") = "ProtoTypePattern", "ProtoTypePattern\ProtoTypePattern.csproj", "{5DF47273-2D1F-4AFC-A5F1-59171E0ECE8A}"
EndProject
Global
	GlobalSection(SolutionConfigurationPlatforms) = preSolution
		Debug|Any CPU = Debug|Any CPU
		Release|Any CPU = Release|Any CPU
	EndGlobalSection
	GlobalSection(ProjectConfigurationPlatforms) = postSolution
		{4CD62957-5C84-42DD-83EE-002014F89755}.Debug|Any CPU.ActiveCfg = Debug|Any CPU
		{4CD62957-5C84-42DD-83EE-002014F89755}.Debug|Any CPU.Build.0 = Debug|Any CPU
		{4CD62957-5C84-42DD-83EE-002014F89755}.Release|Any CPU.ActiveCfg = Release|Any CPU
		{4CD62957-5C84-42DD-83EE-002014F89755}.Release|Any CPU.Build.0 = Release|Any CPU
		{AD4E1C7E-7BAD-49ED-838E-AE85D98A68C2}.Debug|Any CPU.ActiveCfg = Debug|Any CPU
		{AD4E1C7E-7BAD-49ED-838E-AE85D98A68C2}.Debug|Any CPU.Build.0 = Debug|Any CPU
		{AD4E1C7E-7BAD-49ED-838E-AE85D98A68C2}.Release|Any CPU.ActiveCfg = Release|Any CPU
		{AD4E1C7E-7BAD-49ED-838E-AE85D98A68C2}.Release|Any CPU.Build.0 = Release|Any CPU
		{C774C42C-EE42-4496-BFF7-EB5220C2B266}.Debug|Any CPU.ActiveCfg = Debug|Any CPU
		{C774C42C-EE42-4496-BFF7-EB5220C2B266}.Debug|Any CPU.Build.0 = Debug|Any CPU
		{C774C42C-EE42-4496-BFF7-EB5220C2B266}.Release|Any CPU.ActiveCfg = Release|Any CPU
		{C774C42C-EE42-4496-BFF7-EB5220C2B266}.Release|Any CPU.Build.0 = Release|Any CPU
		{12A9F9A0-3BEB-480D-B3A7-074CFC462C19}.Debug|Any CPU.ActiveCfg = Debug|Any CPU
		{12A9F9A0-3BEB-480D-B3A7-074CFC462C19}.Debug|Any CPU.Build.0 = Debug|Any CPU
		{12A9F9A0-3BEB-480D-B3A7-074CFC462C19}.Release|Any CPU.ActiveCfg = Release|Any CPU
		{12A9F9A0-3BEB-480D-B3A7-074CFC462C19}.Release|Any CPU.Build.0 = Release|Any CPU
		{DBCB8846-0659-4680-8A72-C232376BC37A}.Debug|Any CPU.ActiveCfg = Debug|Any CPU
		{DBCB8846-0659-4680-8A72-C232376BC37A}.Debug|Any CPU.Build.0 = Debug|Any CPU
		{DBCB8846-0659-4680-8A72-C232376BC37A}.Release|Any CPU.ActiveCfg = Release|Any CPU
		{DBCB8846-0659-4680-8A72-C232376BC37A}.Release|Any CPU.Build.0 = Release|Any CPU
		{DB151C35-3978-4F84-89F8-BB9D092BA6BE}.Debug|Any CPU.ActiveCfg = Debug|Any CPU
		{DB151C35-3978-4F84-89F8-BB9D092BA6BE}.Debug|Any CPU.Build.0 = Debug|Any CPU
		{DB151C35-3978-4F84-89F8-BB9D092BA6BE}.Release|Any CPU.ActiveCfg = Release|Any CPU
		{DB151C35-3978-4F84-89F8-BB9D092BA6BE}.Release|Any CPU.Build.0 = Release|Any CPU
		{20A1B4B8-A754-42FA-9FF4-06AF24814542}.Debug|Any CPU.ActiveCfg = Debug|Any CPU
		{20A1B4B8-A754-42FA-9FF4-06AF24814542}.Debug|Any CPU.Build.0 = Debug|Any CPU
		{20A1B4B8-A754-42FA-9FF4-06AF24814542}.Release|Any CPU.ActiveCfg = Release|Any CPU
		{20A1B4B8-A754-42FA-9FF4-06AF24814542}.Release|Any CPU.Build.0 = Release|Any CPU
		{DD6B487A-5693-467D-B2D5-77B504AA6577}.Debug|Any CPU.ActiveCfg = Debug|Any CPU
		{DD6B487A-5693-467D-B2D5-77B504AA6577}.Debug|Any CPU.Build.0 = Debug|Any CPU
		{DD6B487A-5693-467D-B2D5-77B504AA6577}.Release|Any CPU.ActiveCfg = Release|Any CPU
		{DD6B487A-5693-467D-B2D5-77B504AA6577}.Release|Any CPU.Build.0 = Release|Any CPU
		{D69DD26B-9B12-4703-95B7-858336CB327C}.Debug|Any CPU.ActiveCfg = Debug|Any CPU
		{D69DD26B-9B12-4703-95B7-858336CB327C}.Debug|Any CPU.Build.0 = Debug|Any CPU
		{D69DD26B-9B12-4703-95B7-858336CB327C}.Release|Any CPU.ActiveCfg = Release|Any CPU
		{D69DD26B-9B12-4703-95B7-858336CB327C}.Release|Any CPU.Build.0 = Release|Any CPU
		{2C9A7CD0-18F9-43D3-B1D4-42D30A649BA9}.Debug|Any CPU.ActiveCfg = Debug|Any CPU
		{2C9A7CD0-18F9-43D3-B1D4-42D30A649BA9}.Debug|Any CPU.Build.0 = Debug|Any CPU
		{2C9A7CD0-18F9-43D3-B1D4-42D30A649BA9}.Release|Any CPU.ActiveCfg = Release|Any CPU
		{2C9A7CD0-18F9-43D3-B1D4-42D30A649BA9}.Release|Any CPU.Build.0 = Release|Any CPU
		{3A60B46C-8F6E-4994-9BAF-3358D11CD06A}.Debug|Any CPU.ActiveCfg = Debug|Any CPU
		{3A60B46C-8F6E-4994-9BAF-3358D11CD06A}.Debug|Any CPU.Build.0 = Debug|Any CPU
		{3A60B46C-8F6E-4994-9BAF-3358D11CD06A}.Release|Any CPU.ActiveCfg = Release|Any CPU
		{3A60B46C-8F6E-4994-9BAF-3358D11CD06A}.Release|Any CPU.Build.0 = Release|Any CPU
		{EF5E8997-A786-4ACF-89C3-1533A50C3026}.Debug|Any CPU.ActiveCfg = Debug|Any CPU
		{EF5E8997-A786-4ACF-89C3-1533A50C3026}.Debug|Any CPU.Build.0 = Debug|Any CPU
		{EF5E8997-A786-4ACF-89C3-1533A50C3026}.Release|Any CPU.ActiveCfg = Release|Any CPU
		{EF5E8997-A786-4ACF-89C3-1533A50C3026}.Release|Any CPU.Build.0 = Release|Any CPU
		{9385E5FB-1F35-449C-8DCD-44601D2CF4FC}.Debug|Any CPU.ActiveCfg = Debug|Any CPU
		{9385E5FB-1F35-449C-8DCD-44601D2CF4FC}.Debug|Any CPU.Build.0 = Debug|Any CPU
		{9385E5FB-1F35-449C-8DCD-44601D2CF4FC}.Release|Any CPU.ActiveCfg = Release|Any CPU
		{9385E5FB-1F35-449C-8DCD-44601D2CF4FC}.Release|Any CPU.Build.0 = Release|Any CPU
		{F933E219-6EB8-4066-B792-33E783200E87}.Debug|Any CPU.ActiveCfg = Debug|Any CPU
		{F933E219-6EB8-4066-B792-33E783200E87}.Debug|Any CPU.Build.0 = Debug|Any CPU
		{F933E219-6EB8-4066-B792-33E783200E87}.Release|Any CPU.ActiveCfg = Release|Any CPU
		{F933E219-6EB8-4066-B792-33E783200E87}.Release|Any CPU.Build.0 = Release|Any CPU
		{5DF47273-2D1F-4AFC-A5F1-59171E0ECE8A}.Debug|Any CPU.ActiveCfg = Debug|Any CPU
		{5DF47273-2D1F-4AFC-A5F1-59171E0ECE8A}.Debug|Any CPU.Build.0 = Debug|Any CPU
		{5DF47273-2D1F-4AFC-A5F1-59171E0ECE8A}.Release|Any CPU.ActiveCfg = Release|Any CPU
		{5DF47273-2D1F-4AFC-A5F1-59171E0ECE8A}.Release|Any CPU.Build.0 = Release|Any CPU
	EndGlobalSection
	GlobalSection(SolutionProperties) = preSolution
		HideSolutionNode = FALSE
	EndGlobalSection
	GlobalSection(NestedProjects) = preSolution
		{4CD62957-5C84-42DD-83EE-002014F89755} = {02EA681E-C7D8-13C7-8484-4AC65E1B71E8}
		{DBCB8846-0659-4680-8A72-C232376BC37A} = {02EA681E-C7D8-13C7-8484-4AC65E1B71E8}
		{DB151C35-3978-4F84-89F8-BB9D092BA6BE} = {02EA681E-C7D8-13C7-8484-4AC65E1B71E8}
		{20A1B4B8-A754-42FA-9FF4-06AF24814542} = {02EA681E-C7D8-13C7-8484-4AC65E1B71E8}
		{5DF47273-2D1F-4AFC-A5F1-59171E0ECE8A} = {02EA681E-C7D8-13C7-8484-4AC65E1B71E8}
	EndGlobalSection
	GlobalSection(ExtensibilityGlobals) = postSolution
		SolutionGuid = {9097ACE8-27DF-41AF-A89C-CAF3C830E067}
	EndGlobalSection
EndGlobal
